
Microsoft Visual Studio Solution File, Format Version 12.00
# Visual Studio Version 17
VisualStudioVersion = 17.13.35723.152
MinimumVisualStudioVersion = 10.0.40219.1
Project("{FAE04EC0-301F-11D3-BF4B-00C04F79EFBC}") = "Dota2RandomizerApp", "Dota2RandomizerApp\Dota2RandomizerApp.csproj", "{625B724A-E4C9-4105-911B-8E7AD2C4FCF8}"
EndProject
Project("{FAE04EC0-301F-11D3-BF4B-00C04F79EFBC}") = "Scraper", "Scraper\Scraper.csproj", "{BCD21688-67D3-416D-9E0D-3B06247D2155}"
EndProject
Global
	GlobalSection(SolutionConfigurationPlatforms) = preSolution
		Debug|Any CPU = Debug|Any CPU
		Release|Any CPU = Release|Any CPU
	EndGlobalSection
	GlobalSection(ProjectConfigurationPlatforms) = postSolution
		{625B724A-E4C9-4105-911B-8E7AD2C4FCF8}.Debug|Any CPU.ActiveCfg = Debug|Any CPU
		{625B724A-E4C9-4105-911B-8E7AD2C4FCF8}.Debug|Any CPU.Build.0 = Debug|Any CPU
		{625B724A-E4C9-4105-911B-8E7AD2C4FCF8}.Release|Any CPU.ActiveCfg = Release|Any CPU
		{625B724A-E4C9-4105-911B-8E7AD2C4FCF8}.Release|Any CPU.Build.0 = Release|Any CPU
		{BCD21688-67D3-416D-9E0D-3B06247D2155}.Debug|Any CPU.ActiveCfg = Debug|Any CPU
		{BCD21688-67D3-416D-9E0D-3B06247D2155}.Debug|Any CPU.Build.0 = Debug|Any CPU
		{BCD21688-67D3-416D-9E0D-3B06247D2155}.Release|Any CPU.ActiveCfg = Release|Any CPU
		{BCD21688-67D3-416D-9E0D-3B06247D2155}.Release|Any CPU.Build.0 = Release|Any CPU
	EndGlobalSection
	GlobalSection(SolutionProperties) = preSolution
		HideSolutionNode = FALSE
	EndGlobalSection
	GlobalSection(ExtensibilityGlobals) = postSolution
		SolutionGuid = {AC572A89-ABC3-40EA-931C-2C810ECE8471}
	EndGlobalSection
EndGlobal
